{
  "name": "@npmex/lerna-bar",
  "version": "0.1.0",
  "lockfileVersion": 1,
  "requires": true,
  "dependencies": {
    "@npmex/lerna-foo": {
      "version": "0.1.0",
      "resolved": "https://registry.npmjs.org/@npmex/lerna-foo/-/lerna-foo-0.1.0.tgz",
      "integrity": "sha512-VZYflpI4CZZK5GkL5uEGrjvb1SGLAFB24U0TTNCWtU5cdEle5EMOqUPCBPENsKLc1pUO/cHkZzKCJRqMeCwiiQ=="
    }
  }
}
